
Microsoft Visual Studio Solution File, Format Version 12.00
# Visual Studio Version 17
VisualStudioVersion = 17.14.36429.23 d17.14
MinimumVisualStudioVersion = 10.0.40219.1
Project("{FAE04EC0-301F-11D3-BF4B-00C04F79EFBC}") = "BPNN Activity", "BPNN Activity\BPNN Activity.csproj", "{5C82A4DC-1091-4309-8BFC-D9BF2A3697C1}"
EndProject
Global
	GlobalSection(SolutionConfigurationPlatforms) = preSolution
		Debug|Any CPU = Debug|Any CPU
		Release|Any CPU = Release|Any CPU
	EndGlobalSection
	GlobalSection(ProjectConfigurationPlatforms) = postSolution
		{5C82A4DC-1091-4309-8BFC-D9BF2A3697C1}.Debug|Any CPU.ActiveCfg = Debug|Any CPU
		{5C82A4DC-1091-4309-8BFC-D9BF2A3697C1}.Debug|Any CPU.Build.0 = Debug|Any CPU
		{5C82A4DC-1091-4309-8BFC-D9BF2A3697C1}.Release|Any CPU.ActiveCfg = Release|Any CPU
		{5C82A4DC-1091-4309-8BFC-D9BF2A3697C1}.Release|Any CPU.Build.0 = Release|Any CPU
	EndGlobalSection
	GlobalSection(SolutionProperties) = preSolution
		HideSolutionNode = FALSE
	EndGlobalSection
	GlobalSection(ExtensibilityGlobals) = postSolution
		SolutionGuid = {EA87C489-9834-400B-8301-8551693AC109}
	EndGlobalSection
EndGlobal
